
Microsoft Visual Studio Solution File, Format Version 11.00
# Visual Studio 2010
Project("{FAE04EC0-301F-11D3-BF4B-00C04F79EFBC}") = "MutiUpFile", "MutiUpFile\MutiUpFile.csproj", "{883E7A95-62EF-41BB-AFC4-13E3D3233D50}"
EndProject
Global
	GlobalSection(SolutionConfigurationPlatforms) = preSolution
		Debug|Any CPU = Debug|Any CPU
		Release|Any CPU = Release|Any CPU
	EndGlobalSection
	GlobalSection(ProjectConfigurationPlatforms) = postSolution
		{883E7A95-62EF-41BB-AFC4-13E3D3233D50}.Debug|Any CPU.ActiveCfg = Debug|Any CPU
		{883E7A95-62EF-41BB-AFC4-13E3D3233D50}.Debug|Any CPU.Build.0 = Debug|Any CPU
		{883E7A95-62EF-41BB-AFC4-13E3D3233D50}.Release|Any CPU.ActiveCfg = Release|Any CPU
		{883E7A95-62EF-41BB-AFC4-13E3D3233D50}.Release|Any CPU.Build.0 = Release|Any CPU
	EndGlobalSection
	GlobalSection(SolutionProperties) = preSolution
		HideSolutionNode = FALSE
	EndGlobalSection
EndGlobal
